
Microsoft Visual Studio Solution File, Format Version 12.00
# Visual Studio Version 16
VisualStudioVersion = 16.0.30717.126
MinimumVisualStudioVersion = 10.0.40219.1
Project("{FAE04EC0-301F-11D3-BF4B-00C04F79EFBC}") = "SeleniumTestBrowsers", "SeleniumTestBrowsers\SeleniumTestBrowsers.csproj", "{6822CDB2-274B-4601-B95A-8F00152551E7}"
EndProject
Project("{FAE04EC0-301F-11D3-BF4B-00C04F79EFBC}") = "SeleniumTestBrowsers.Tests", "SeleniumTestBrowsers.Tests\SeleniumTestBrowsers.Tests.csproj", "{71AC5B9C-767C-4FB5-A75D-E6F3BDBBDBD6}"
EndProject
Global
	GlobalSection(SolutionConfigurationPlatforms) = preSolution
		Debug|Any CPU = Debug|Any CPU
		Release|Any CPU = Release|Any CPU
	EndGlobalSection
	GlobalSection(ProjectConfigurationPlatforms) = postSolution
		{6822CDB2-274B-4601-B95A-8F00152551E7}.Debug|Any CPU.ActiveCfg = Debug|Any CPU
		{6822CDB2-274B-4601-B95A-8F00152551E7}.Debug|Any CPU.Build.0 = Debug|Any CPU
		{6822CDB2-274B-4601-B95A-8F00152551E7}.Release|Any CPU.ActiveCfg = Release|Any CPU
		{6822CDB2-274B-4601-B95A-8F00152551E7}.Release|Any CPU.Build.0 = Release|Any CPU
		{71AC5B9C-767C-4FB5-A75D-E6F3BDBBDBD6}.Debug|Any CPU.ActiveCfg = Debug|Any CPU
		{71AC5B9C-767C-4FB5-A75D-E6F3BDBBDBD6}.Debug|Any CPU.Build.0 = Debug|Any CPU
		{71AC5B9C-767C-4FB5-A75D-E6F3BDBBDBD6}.Release|Any CPU.ActiveCfg = Release|Any CPU
		{71AC5B9C-767C-4FB5-A75D-E6F3BDBBDBD6}.Release|Any CPU.Build.0 = Release|Any CPU
	EndGlobalSection
	GlobalSection(SolutionProperties) = preSolution
		HideSolutionNode = FALSE
	EndGlobalSection
	GlobalSection(ExtensibilityGlobals) = postSolution
		SolutionGuid = {2802A464-C2B9-47AD-BF79-F7DB5110E595}
	EndGlobalSection
EndGlobal
